// !$*UTF8*$!
{
	archiveVersion = 1;
	classes = {
	};
	objectVersion = 46;
	objects = {

/* Begin PBXBuildFile section */
		4E08A1E81913CF850056EEF8 /* Foundation.framework in Frameworks */ = {isa = PBXBuildFile; fileRef = 4E08A1E71913CF850056EEF8 /* Foundation.framework */; };
		4E08A1EA1913CF850056EEF8 /* CoreGraphics.framework in Frameworks */ = {isa = PBXBuildFile; fileRef = 4E08A1E91913CF850056EEF8 /* CoreGraphics.framework */; };
		4E08A1EC1913CF850056EEF8 /* UIKit.framework in Frameworks */ = {isa = PBXBuildFile; fileRef = 4E08A1EB1913CF850056EEF8 /* UIKit.framework */; };
		4E08A1F21913CF850056EEF8 /* InfoPlist.strings in Resources */ = {isa = PBXBuildFile; fileRef = 4E08A1F01913CF850056EEF8 /* InfoPlist.strings */; };
		4E08A1F41913CF850056EEF8 /* main.m in Sources */ = {isa = PBXBuildFile; fileRef = 4E08A1F31913CF850056EEF8 /* main.m */; };
		4E08A1F81913CF850056EEF8 /* AppDelegate.m in Sources */ = {isa = PBXBuildFile; fileRef = 4E08A1F71913CF850056EEF8 /* AppDelegate.m */; };
		4E08A1FB1913CF850056EEF8 /* Main_iPhone.storyboard in Resources */ = {isa = PBXBuildFile; fileRef = 4E08A1F91913CF850056EEF8 /* Main_iPhone.storyboard */; };
		4E08A1FE1913CF850056EEF8 /* Main_iPad.storyboard in Resources */ = {isa = PBXBuildFile; fileRef = 4E08A1FC1913CF850056EEF8 /* Main_iPad.storyboard */; };
		4E08A2011913CF850056EEF8 /* ViewController.m in Sources */ = {isa = PBXBuildFile; fileRef = 4E08A2001913CF850056EEF8 /* ViewController.m */; };
		4E08A2031913CF850056EEF8 /* Images.xcassets in Resources */ = {isa = PBXBuildFile; fileRef = 4E08A2021913CF850056EEF8 /* Images.xcassets */; };
		4E08A20A1913CF850056EEF8 /* XCTest.framework in Frameworks */ = {isa = PBXBuildFile; fileRef = 4E08A2091913CF850056EEF8 /* XCTest.framework */; };
		4E08A20B1913CF850056EEF8 /* Foundation.framework in Frameworks */ = {isa = PBXBuildFile; fileRef = 4E08A1E71913CF850056EEF8 /* Foundation.framework */; };
		4E08A20C1913CF850056EEF8 /* UIKit.framework in Frameworks */ = {isa = PBXBuildFile; fileRef = 4E08A1EB1913CF850056EEF8 /* UIKit.framework */; };
		4E08A2141913CF860056EEF8 /* InfoPlist.strings in Resources */ = {isa = PBXBuildFile; fileRef = 4E08A2121913CF860056EEF8 /* InfoPlist.strings */; };
		4E08A2161913CF860056EEF8 /* kdeconnect_iosTests.m in Sources */ = {isa = PBXBuildFile; fileRef = 4E08A2151913CF860056EEF8 /* kdeconnect_iosTests.m */; };
		4E08A2271913D1550056EEF8 /* BaseLink.m in Sources */ = {isa = PBXBuildFile; fileRef = 4E08A2241913D1550056EEF8 /* BaseLink.m */; };
		4E08A2281913D1550056EEF8 /* BaseLinkProvider.m in Sources */ = {isa = PBXBuildFile; fileRef = 4E08A2261913D1550056EEF8 /* BaseLinkProvider.m */; };
		4E08A22D1913D1650056EEF8 /* LanLink.m in Sources */ = {isa = PBXBuildFile; fileRef = 4E08A22A1913D1650056EEF8 /* LanLink.m */; };
		4E08A22E1913D1650056EEF8 /* LanLinkProvider.m in Sources */ = {isa = PBXBuildFile; fileRef = 4E08A22C1913D1650056EEF8 /* LanLinkProvider.m */; };
		4E08A2351913D1780056EEF8 /* BackgroundService.m in Sources */ = {isa = PBXBuildFile; fileRef = 4E08A2301913D1780056EEF8 /* BackgroundService.m */; };
		4E08A2361913D1780056EEF8 /* Device.m in Sources */ = {isa = PBXBuildFile; fileRef = 4E08A2321913D1780056EEF8 /* Device.m */; };
		4E08A2371913D1780056EEF8 /* NetworkPackage.m in Sources */ = {isa = PBXBuildFile; fileRef = 4E08A2341913D1780056EEF8 /* NetworkPackage.m */; };
		4E0B0CF019772E2300F1412B /* Contact.m in Sources */ = {isa = PBXBuildFile; fileRef = 4E0B0CEF19772E2300F1412B /* Contact.m */; };
		4E1A82A319657DD700174217 /* MousePad.m in Sources */ = {isa = PBXBuildFile; fileRef = 4E1A82A219657DD700174217 /* MousePad.m */; };
		4E1A82A619657FF400174217 /* MousePadViewController.m in Sources */ = {isa = PBXBuildFile; fileRef = 4E1A82A519657FF400174217 /* MousePadViewController.m */; };
		4E3038FC1940889900F28091 /* ClipBoard.m in Sources */ = {isa = PBXBuildFile; fileRef = 4E3038FB1940889900F28091 /* ClipBoard.m */; };
		4E3871A61992355800752925 /* SplitViewController.m in Sources */ = {isa = PBXBuildFile; fileRef = 4E3871A51992355800752925 /* SplitViewController.m */; };
		4E38A3AB196CEB44006AE419 /* Calendar.m in Sources */ = {isa = PBXBuildFile; fileRef = 4E38A3AA196CEB44006AE419 /* Calendar.m */; };
		4E38A3B0196D2D36006AE419 /* EventKit.framework in Frameworks */ = {isa = PBXBuildFile; fileRef = 4E38A3AF196D2D36006AE419 /* EventKit.framework */; };
		4E44F5E819920042002B1AAF /* Localizable.strings in Resources */ = {isa = PBXBuildFile; fileRef = 4E44F5EA19920042002B1AAF /* Localizable.strings */; };
		4E44F5ED199204E5002B1AAF /* Localizable.strings in CopyFiles */ = {isa = PBXBuildFile; fileRef = 4E44F5EA19920042002B1AAF /* Localizable.strings */; };
		4E47115F19693B7F00EE5B1D /* Battery.m in Sources */ = {isa = PBXBuildFile; fileRef = 4E47115E19693B7F00EE5B1D /* Battery.m */; };
		4E49BCA91966661800E8AEB7 /* custumRecognizers.m in Sources */ = {isa = PBXBuildFile; fileRef = 4E49BCA81966661800E8AEB7 /* custumRecognizers.m */; };
		4E51BBED193FADA7007E74F4 /* Share.m in Sources */ = {isa = PBXBuildFile; fileRef = 4E51BBEC193FADA7007E74F4 /* Share.m */; };
		4E6A6222199C569D009FCCD9 /* InAppSettings.bundle in Resources */ = {isa = PBXBuildFile; fileRef = 4E6A6221199C569D009FCCD9 /* InAppSettings.bundle */; };
		4E7CB6611985F7EA00DEB3B3 /* Pods-acknowledgements.plist in Resources */ = {isa = PBXBuildFile; fileRef = 4E7CB6601985F7EA00DEB3B3 /* Pods-acknowledgements.plist */; };
		4E85B96C1928F9D600EF3C55 /* DeviceViewController.m in Sources */ = {isa = PBXBuildFile; fileRef = 4E85B96B1928F9D600EF3C55 /* DeviceViewController.m */; };
		4E95A1911949954600647948 /* SettingsStore.m in Sources */ = {isa = PBXBuildFile; fileRef = 4E95A1901949954600647948 /* SettingsStore.m */; };
		4EA77E08199092E3002787B8 /* MyStyleKit.m in Sources */ = {isa = PBXBuildFile; fileRef = 4EA77E07199092E3002787B8 /* MyStyleKit.m */; };
		4EA77E0B199095BC002787B8 /* Buttons.m in Sources */ = {isa = PBXBuildFile; fileRef = 4EA77E0A199095BC002787B8 /* Buttons.m */; };
		4EBC812A19863B8B008FF5A1 /* XbICComponent+VTodo.m in Sources */ = {isa = PBXBuildFile; fileRef = 4EBC812919863B8B008FF5A1 /* XbICComponent+VTodo.m */; };
		4EC27545191FCEAB0057AB0E /* Plugin.m in Sources */ = {isa = PBXBuildFile; fileRef = 4EC27544191FCEAB0057AB0E /* Plugin.m */; };
		4EC27548191FCECD0057AB0E /* Ping.m in Sources */ = {isa = PBXBuildFile; fileRef = 4EC27547191FCECD0057AB0E /* Ping.m */; };
		4EC2754B191FD5490057AB0E /* PluginFactory.m in Sources */ = {isa = PBXBuildFile; fileRef = 4EC2754A191FD5490057AB0E /* PluginFactory.m */; };
		4EC750B71967084800785A49 /* KeychainAccessGroups.plist in Resources */ = {isa = PBXBuildFile; fileRef = 4EC750B61967084800785A49 /* KeychainAccessGroups.plist */; };
		4EC750BC19670A2F00785A49 /* KeychainItemWrapper.m in Sources */ = {isa = PBXBuildFile; fileRef = 4EC750BB19670A2F00785A49 /* KeychainItemWrapper.m */; settings = {COMPILER_FLAGS = "-fno-objc-arc"; }; };
		4EC83856198BC72B00CC08F5 /* NavigationController.m in Sources */ = {isa = PBXBuildFile; fileRef = 4EC83855198BC72B00CC08F5 /* NavigationController.m */; };
		4ECA38301933EE560015C07C /* SecKeyWrapper.m in Sources */ = {isa = PBXBuildFile; fileRef = 4ECA382F1933EE560015C07C /* SecKeyWrapper.m */; settings = {COMPILER_FLAGS = "-fno-objc-arc"; }; };
		4ED8E711197B7D6500C4D01C /* AddressBook.framework in Frameworks */ = {isa = PBXBuildFile; fileRef = 4ED8E70F197B7D6500C4D01C /* AddressBook.framework */; };
		4ED8E712197B7D6500C4D01C /* AddressBookUI.framework in Frameworks */ = {isa = PBXBuildFile; fileRef = 4ED8E710197B7D6500C4D01C /* AddressBookUI.framework */; };
		4EDD98FA192DAAD700C6AB01 /* MPRISViewController.m in Sources */ = {isa = PBXBuildFile; fileRef = 4EDD98F9192DAAD700C6AB01 /* MPRISViewController.m */; };
		4EDD98FD192DAAF800C6AB01 /* MPRIS.m in Sources */ = {isa = PBXBuildFile; fileRef = 4EDD98FC192DAAF800C6AB01 /* MPRIS.m */; };
		4EEB006F19736D4D000A1F69 /* Reminder.m in Sources */ = {isa = PBXBuildFile; fileRef = 4EEB006E19736D4D000A1F69 /* Reminder.m */; };
		4EF576E9194784D80046213D /* AppSettingViewController.m in Sources */ = {isa = PBXBuildFile; fileRef = 4EF576E8194784D80046213D /* AppSettingViewController.m */; };
		CDF3929BB4CB40FCA1F80352 /* libPods.a in Frameworks */ = {isa = PBXBuildFile; fileRef = 48E2F71AC6EE495B8966C774 /* libPods.a */; };
/* End PBXBuildFile section */

/* Begin PBXContainerItemProxy section */
		4E08A20D1913CF850056EEF8 /* PBXContainerItemProxy */ = {
			isa = PBXContainerItemProxy;
			containerPortal = 4E08A1DC1913CF850056EEF8 /* Project object */;
			proxyType = 1;
			remoteGlobalIDString = 4E08A1E31913CF850056EEF8;
			remoteInfo = "kdeconnect-ios";
		};
/* End PBXContainerItemProxy section */

/* Begin PBXCopyFilesBuildPhase section */
		4E44F5EC199204C5002B1AAF /* CopyFiles */ = {
			isa = PBXCopyFilesBuildPhase;
			buildActionMask = 2147483647;
			dstPath = "";
			dstSubfolderSpec = 7;
			files = (
				4E44F5ED199204E5002B1AAF /* Localizable.strings in CopyFiles */,
			);
			runOnlyForDeploymentPostprocessing = 0;
		};
/* End PBXCopyFilesBuildPhase section */

/* Begin PBXFileReference section */
		48E2F71AC6EE495B8966C774 /* libPods.a */ = {isa = PBXFileReference; explicitFileType = archive.ar; includeInIndex = 0; path = libPods.a; sourceTree = BUILT_PRODUCTS_DIR; };
		4E08A1E41913CF850056EEF8 /* kdeconnect-ios.app */ = {isa = PBXFileReference; explicitFileType = wrapper.application; includeInIndex = 0; path = "kdeconnect-ios.app"; sourceTree = BUILT_PRODUCTS_DIR; };
		4E08A1E71913CF850056EEF8 /* Foundation.framework */ = {isa = PBXFileReference; lastKnownFileType = wrapper.framework; name = Foundation.framework; path = System/Library/Frameworks/Foundation.framework; sourceTree = SDKROOT; };
		4E08A1E91913CF850056EEF8 /* CoreGraphics.framework */ = {isa = PBXFileReference; lastKnownFileType = wrapper.framework; name = CoreGraphics.framework; path = System/Library/Frameworks/CoreGraphics.framework; sourceTree = SDKROOT; };
		4E08A1EB1913CF850056EEF8 /* UIKit.framework */ = {isa = PBXFileReference; lastKnownFileType = wrapper.framework; name = UIKit.framework; path = System/Library/Frameworks/UIKit.framework; sourceTree = SDKROOT; };
		4E08A1EF1913CF850056EEF8 /* kdeconnect-ios-Info.plist */ = {isa = PBXFileReference; lastKnownFileType = text.plist.xml; path = "kdeconnect-ios-Info.plist"; sourceTree = "<group>"; };
		4E08A1F11913CF850056EEF8 /* en */ = {isa = PBXFileReference; lastKnownFileType = text.plist.strings; name = en; path = en.lproj/InfoPlist.strings; sourceTree = "<group>"; };
		4E08A1F31913CF850056EEF8 /* main.m */ = {isa = PBXFileReference; lastKnownFileType = sourcecode.c.objc; path = main.m; sourceTree = "<group>"; };
		4E08A1F51913CF850056EEF8 /* kdeconnect-ios-Prefix.pch */ = {isa = PBXFileReference; lastKnownFileType = sourcecode.c.h; path = "kdeconnect-ios-Prefix.pch"; sourceTree = "<group>"; };
		4E08A1F61913CF850056EEF8 /* AppDelegate.h */ = {isa = PBXFileReference; lastKnownFileType = sourcecode.c.h; path = AppDelegate.h; sourceTree = "<group>"; };
		4E08A1F71913CF850056EEF8 /* AppDelegate.m */ = {isa = PBXFileReference; lastKnownFileType = sourcecode.c.objc; path = AppDelegate.m; sourceTree = "<group>"; };
		4E08A1FA1913CF850056EEF8 /* Base */ = {isa = PBXFileReference; lastKnownFileType = file.storyboard; name = Base; path = Base.lproj/Main_iPhone.storyboard; sourceTree = "<group>"; };
		4E08A1FD1913CF850056EEF8 /* Base */ = {isa = PBXFileReference; lastKnownFileType = file.storyboard; name = Base; path = Base.lproj/Main_iPad.storyboard; sourceTree = "<group>"; };
		4E08A1FF1913CF850056EEF8 /* ViewController.h */ = {isa = PBXFileReference; lastKnownFileType = sourcecode.c.h; path = ViewController.h; sourceTree = "<group>"; };
		4E08A2001913CF850056EEF8 /* ViewController.m */ = {isa = PBXFileReference; lastKnownFileType = sourcecode.c.objc; path = ViewController.m; sourceTree = "<group>"; };
		4E08A2021913CF850056EEF8 /* Images.xcassets */ = {isa = PBXFileReference; lastKnownFileType = folder.assetcatalog; path = Images.xcassets; sourceTree = "<group>"; };
		4E08A2081913CF850056EEF8 /* kdeconnect-iosTests.xctest */ = {isa = PBXFileReference; explicitFileType = wrapper.cfbundle; includeInIndex = 0; path = "kdeconnect-iosTests.xctest"; sourceTree = BUILT_PRODUCTS_DIR; };
		4E08A2091913CF850056EEF8 /* XCTest.framework */ = {isa = PBXFileReference; lastKnownFileType = wrapper.framework; name = XCTest.framework; path = Library/Frameworks/XCTest.framework; sourceTree = DEVELOPER_DIR; };
		4E08A2111913CF860056EEF8 /* kdeconnect-iosTests-Info.plist */ = {isa = PBXFileReference; lastKnownFileType = text.plist.xml; path = "kdeconnect-iosTests-Info.plist"; sourceTree = "<group>"; };
		4E08A2131913CF860056EEF8 /* en */ = {isa = PBXFileReference; lastKnownFileType = text.plist.strings; name = en; path = en.lproj/InfoPlist.strings; sourceTree = "<group>"; };
		4E08A2151913CF860056EEF8 /* kdeconnect_iosTests.m */ = {isa = PBXFileReference; lastKnownFileType = sourcecode.c.objc; path = kdeconnect_iosTests.m; sourceTree = "<group>"; };
		4E08A2231913D1550056EEF8 /* BaseLink.h */ = {isa = PBXFileReference; fileEncoding = 4; lastKnownFileType = sourcecode.c.h; name = BaseLink.h; path = backend/BaseLink.h; sourceTree = "<group>"; };
		4E08A2241913D1550056EEF8 /* BaseLink.m */ = {isa = PBXFileReference; fileEncoding = 4; lastKnownFileType = sourcecode.c.objc; name = BaseLink.m; path = backend/BaseLink.m; sourceTree = "<group>"; };
		4E08A2251913D1550056EEF8 /* BaseLinkProvider.h */ = {isa = PBXFileReference; fileEncoding = 4; lastKnownFileType = sourcecode.c.h; name = BaseLinkProvider.h; path = backend/BaseLinkProvider.h; sourceTree = "<group>"; };
		4E08A2261913D1550056EEF8 /* BaseLinkProvider.m */ = {isa = PBXFileReference; fileEncoding = 4; lastKnownFileType = sourcecode.c.objc; name = BaseLinkProvider.m; path = backend/BaseLinkProvider.m; sourceTree = "<group>"; };
		4E08A2291913D1650056EEF8 /* LanLink.h */ = {isa = PBXFileReference; fileEncoding = 4; lastKnownFileType = sourcecode.c.h; name = LanLink.h; path = backend/lanBackend/LanLink.h; sourceTree = "<group>"; };
		4E08A22A1913D1650056EEF8 /* LanLink.m */ = {isa = PBXFileReference; fileEncoding = 4; lastKnownFileType = sourcecode.c.objc; name = LanLink.m; path = backend/lanBackend/LanLink.m; sourceTree = "<group>"; };
		4E08A22B1913D1650056EEF8 /* LanLinkProvider.h */ = {isa = PBXFileReference; fileEncoding = 4; lastKnownFileType = sourcecode.c.h; name = LanLinkProvider.h; path = backend/lanBackend/LanLinkProvider.h; sourceTree = "<group>"; };
		4E08A22C1913D1650056EEF8 /* LanLinkProvider.m */ = {isa = PBXFileReference; fileEncoding = 4; lastKnownFileType = sourcecode.c.objc; name = LanLinkProvider.m; path = backend/lanBackend/LanLinkProvider.m; sourceTree = "<group>"; };
		4E08A22F1913D1780056EEF8 /* BackgroundService.h */ = {isa = PBXFileReference; fileEncoding = 4; lastKnownFileType = sourcecode.c.h; name = BackgroundService.h; path = lib/BackgroundService.h; sourceTree = "<group>"; };
		4E08A2301913D1780056EEF8 /* BackgroundService.m */ = {isa = PBXFileReference; fileEncoding = 4; lastKnownFileType = sourcecode.c.objc; name = BackgroundService.m; path = lib/BackgroundService.m; sourceTree = "<group>"; };
		4E08A2311913D1780056EEF8 /* Device.h */ = {isa = PBXFileReference; fileEncoding = 4; lastKnownFileType = sourcecode.c.h; name = Device.h; path = lib/Device.h; sourceTree = "<group>"; };
		4E08A2321913D1780056EEF8 /* Device.m */ = {isa = PBXFileReference; fileEncoding = 4; lastKnownFileType = sourcecode.c.objc; name = Device.m; path = lib/Device.m; sourceTree = "<group>"; };
		4E08A2331913D1780056EEF8 /* NetworkPackage.h */ = {isa = PBXFileReference; fileEncoding = 4; lastKnownFileType = sourcecode.c.h; name = NetworkPackage.h; path = lib/NetworkPackage.h; sourceTree = "<group>"; };
		4E08A2341913D1780056EEF8 /* NetworkPackage.m */ = {isa = PBXFileReference; fileEncoding = 4; lastKnownFileType = sourcecode.c.objc; name = NetworkPackage.m; path = lib/NetworkPackage.m; sourceTree = "<group>"; };
		4E0B0CEE19772E2300F1412B /* Contact.h */ = {isa = PBXFileReference; fileEncoding = 4; lastKnownFileType = sourcecode.c.h; name = Contact.h; path = plugins/Contact/Contact.h; sourceTree = "<group>"; };
		4E0B0CEF19772E2300F1412B /* Contact.m */ = {isa = PBXFileReference; fileEncoding = 4; lastKnownFileType = sourcecode.c.objc; name = Contact.m; path = plugins/Contact/Contact.m; sourceTree = "<group>"; };
		4E1A82A119657DD700174217 /* MousePad.h */ = {isa = PBXFileReference; fileEncoding = 4; lastKnownFileType = sourcecode.c.h; name = MousePad.h; path = plugins/MousePad/MousePad.h; sourceTree = "<group>"; };
		4E1A82A219657DD700174217 /* MousePad.m */ = {isa = PBXFileReference; fileEncoding = 4; lastKnownFileType = sourcecode.c.objc; name = MousePad.m; path = plugins/MousePad/MousePad.m; sourceTree = "<group>"; };
		4E1A82A419657FF400174217 /* MousePadViewController.h */ = {isa = PBXFileReference; fileEncoding = 4; lastKnownFileType = sourcecode.c.h; name = MousePadViewController.h; path = plugins/MousePad/MousePadViewController.h; sourceTree = "<group>"; };
		4E1A82A519657FF400174217 /* MousePadViewController.m */ = {isa = PBXFileReference; fileEncoding = 4; lastKnownFileType = sourcecode.c.objc; name = MousePadViewController.m; path = plugins/MousePad/MousePadViewController.m; sourceTree = "<group>"; };
		4E3038FA1940889900F28091 /* ClipBoard.h */ = {isa = PBXFileReference; fileEncoding = 4; lastKnownFileType = sourcecode.c.h; name = ClipBoard.h; path = plugins/ClipBoard/ClipBoard.h; sourceTree = "<group>"; };
		4E3038FB1940889900F28091 /* ClipBoard.m */ = {isa = PBXFileReference; fileEncoding = 4; lastKnownFileType = sourcecode.c.objc; name = ClipBoard.m; path = plugins/ClipBoard/ClipBoard.m; sourceTree = "<group>"; };
		4E3871A41992355800752925 /* SplitViewController.h */ = {isa = PBXFileReference; fileEncoding = 4; lastKnownFileType = sourcecode.c.h; path = SplitViewController.h; sourceTree = "<group>"; };
		4E3871A51992355800752925 /* SplitViewController.m */ = {isa = PBXFileReference; fileEncoding = 4; lastKnownFileType = sourcecode.c.objc; path = SplitViewController.m; sourceTree = "<group>"; };
		4E3871A719923FB000752925 /* fr */ = {isa = PBXFileReference; lastKnownFileType = text.plist.strings; name = fr; path = fr.lproj/Localizable.strings; sourceTree = "<group>"; };
		4E38A3A9196CEB44006AE419 /* Calendar.h */ = {isa = PBXFileReference; fileEncoding = 4; lastKnownFileType = sourcecode.c.h; name = Calendar.h; path = plugins/Calendar/Calendar.h; sourceTree = "<group>"; };
		4E38A3AA196CEB44006AE419 /* Calendar.m */ = {isa = PBXFileReference; fileEncoding = 4; lastKnownFileType = sourcecode.c.objc; name = Calendar.m; path = plugins/Calendar/Calendar.m; sourceTree = "<group>"; };
		4E38A3AF196D2D36006AE419 /* EventKit.framework */ = {isa = PBXFileReference; lastKnownFileType = wrapper.framework; name = EventKit.framework; path = System/Library/Frameworks/EventKit.framework; sourceTree = SDKROOT; };
		4E44F5E919920042002B1AAF /* en */ = {isa = PBXFileReference; lastKnownFileType = text.plist.strings; name = en; path = en.lproj/Localizable.strings; sourceTree = "<group>"; };
		4E44F5F019920A68002B1AAF /* fr */ = {isa = PBXFileReference; lastKnownFileType = text.plist.strings; name = fr; path = fr.lproj/InfoPlist.strings; sourceTree = "<group>"; };
		4E44F5F119920A68002B1AAF /* fr */ = {isa = PBXFileReference; lastKnownFileType = text.plist.strings; name = fr; path = fr.lproj/InfoPlist.strings; sourceTree = "<group>"; };
		4E44F5F219920A79002B1AAF /* zh-Hans */ = {isa = PBXFileReference; lastKnownFileType = text.plist.strings; name = "zh-Hans"; path = "zh-Hans.lproj/Localizable.strings"; sourceTree = "<group>"; };
		4E44F5F319920A79002B1AAF /* zh-Hans */ = {isa = PBXFileReference; lastKnownFileType = text.plist.strings; name = "zh-Hans"; path = "zh-Hans.lproj/InfoPlist.strings"; sourceTree = "<group>"; };
		4E44F5F419920A79002B1AAF /* zh-Hans */ = {isa = PBXFileReference; lastKnownFileType = text.plist.strings; name = "zh-Hans"; path = "zh-Hans.lproj/InfoPlist.strings"; sourceTree = "<group>"; };
		4E44F5F519921586002B1AAF /* Base */ = {isa = PBXFileReference; lastKnownFileType = text.plist.strings; name = Base; path = Base.lproj/Localizable.strings; sourceTree = "<group>"; };
		4E47115D19693B7F00EE5B1D /* Battery.h */ = {isa = PBXFileReference; fileEncoding = 4; lastKnownFileType = sourcecode.c.h; name = Battery.h; path = plugins/Battery/Battery.h; sourceTree = "<group>"; };
		4E47115E19693B7F00EE5B1D /* Battery.m */ = {isa = PBXFileReference; fileEncoding = 4; lastKnownFileType = sourcecode.c.objc; name = Battery.m; path = plugins/Battery/Battery.m; sourceTree = "<group>"; };
		4E49BCA71966661800E8AEB7 /* custumRecognizers.h */ = {isa = PBXFileReference; fileEncoding = 4; lastKnownFileType = sourcecode.c.h; name = custumRecognizers.h; path = plugins/MousePad/custumRecognizers.h; sourceTree = "<group>"; };
		4E49BCA81966661800E8AEB7 /* custumRecognizers.m */ = {isa = PBXFileReference; fileEncoding = 4; lastKnownFileType = sourcecode.c.objc; name = custumRecognizers.m; path = plugins/MousePad/custumRecognizers.m; sourceTree = "<group>"; };
		4E51BBEB193FADA7007E74F4 /* Share.h */ = {isa = PBXFileReference; fileEncoding = 4; lastKnownFileType = sourcecode.c.h; name = Share.h; path = plugins/SHARE/Share.h; sourceTree = "<group>"; };
		4E51BBEC193FADA7007E74F4 /* Share.m */ = {isa = PBXFileReference; fileEncoding = 4; lastKnownFileType = sourcecode.c.objc; name = Share.m; path = plugins/SHARE/Share.m; sourceTree = "<group>"; };
		4E6A6221199C569D009FCCD9 /* InAppSettings.bundle */ = {isa = PBXFileReference; lastKnownFileType = "wrapper.plug-in"; path = InAppSettings.bundle; sourceTree = "<group>"; };
		4E7CB6601985F7EA00DEB3B3 /* Pods-acknowledgements.plist */ = {isa = PBXFileReference; fileEncoding = 4; lastKnownFileType = text.plist.xml; name = "Pods-acknowledgements.plist"; path = "Pods/Pods-acknowledgements.plist"; sourceTree = SOURCE_ROOT; };
		4E85B96A1928F9D600EF3C55 /* DeviceViewController.h */ = {isa = PBXFileReference; fileEncoding = 4; lastKnownFileType = sourcecode.c.h; path = DeviceViewController.h; sourceTree = "<group>"; };
		4E85B96B1928F9D600EF3C55 /* DeviceViewController.m */ = {isa = PBXFileReference; fileEncoding = 4; lastKnownFileType = sourcecode.c.objc; path = DeviceViewController.m; sourceTree = "<group>"; };
		4E95A18F1949954600647948 /* SettingsStore.h */ = {isa = PBXFileReference; fileEncoding = 4; lastKnownFileType = sourcecode.c.h; name = SettingsStore.h; path = lib/SettingsStore.h; sourceTree = "<group>"; };
		4E95A1901949954600647948 /* SettingsStore.m */ = {isa = PBXFileReference; fileEncoding = 4; lastKnownFileType = sourcecode.c.objc; name = SettingsStore.m; path = lib/SettingsStore.m; sourceTree = "<group>"; };
		4EA77E06199092D6002787B8 /* MyStyleKit.h */ = {isa = PBXFileReference; fileEncoding = 4; lastKnownFileType = sourcecode.c.h; path = MyStyleKit.h; sourceTree = "<group>"; };
		4EA77E07199092E3002787B8 /* MyStyleKit.m */ = {isa = PBXFileReference; fileEncoding = 4; lastKnownFileType = sourcecode.c.objc; path = MyStyleKit.m; sourceTree = "<group>"; };
		4EA77E09199095BC002787B8 /* Buttons.h */ = {isa = PBXFileReference; fileEncoding = 4; lastKnownFileType = sourcecode.c.h; name = Buttons.h; path = plugins/MPRIS/Buttons.h; sourceTree = "<group>"; };
		4EA77E0A199095BC002787B8 /* Buttons.m */ = {isa = PBXFileReference; fileEncoding = 4; lastKnownFileType = sourcecode.c.objc; name = Buttons.m; path = plugins/MPRIS/Buttons.m; sourceTree = "<group>"; };
		4EBC812819863B8B008FF5A1 /* XbICComponent+VTodo.h */ = {isa = PBXFileReference; fileEncoding = 4; lastKnownFileType = sourcecode.c.h; name = "XbICComponent+VTodo.h"; path = "plugins/Reminder/XbICComponent+VTodo.h"; sourceTree = "<group>"; };
		4EBC812919863B8B008FF5A1 /* XbICComponent+VTodo.m */ = {isa = PBXFileReference; fileEncoding = 4; lastKnownFileType = sourcecode.c.objc; name = "XbICComponent+VTodo.m"; path = "plugins/Reminder/XbICComponent+VTodo.m"; sourceTree = "<group>"; };
		4EC27543191FCEAB0057AB0E /* Plugin.h */ = {isa = PBXFileReference; fileEncoding = 4; lastKnownFileType = sourcecode.c.h; name = Plugin.h; path = plugins/Plugin.h; sourceTree = "<group>"; };
		4EC27544191FCEAB0057AB0E /* Plugin.m */ = {isa = PBXFileReference; fileEncoding = 4; lastKnownFileType = sourcecode.c.objc; name = Plugin.m; path = plugins/Plugin.m; sourceTree = "<group>"; };
		4EC27546191FCECD0057AB0E /* Ping.h */ = {isa = PBXFileReference; fileEncoding = 4; lastKnownFileType = sourcecode.c.h; name = Ping.h; path = plugins/ping/Ping.h; sourceTree = "<group>"; };
		4EC27547191FCECD0057AB0E /* Ping.m */ = {isa = PBXFileReference; fileEncoding = 4; lastKnownFileType = sourcecode.c.objc; name = Ping.m; path = plugins/ping/Ping.m; sourceTree = "<group>"; };
		4EC27549191FD5490057AB0E /* PluginFactory.h */ = {isa = PBXFileReference; fileEncoding = 4; lastKnownFileType = sourcecode.c.h; name = PluginFactory.h; path = plugins/PluginFactory.h; sourceTree = "<group>"; };
		4EC2754A191FD5490057AB0E /* PluginFactory.m */ = {isa = PBXFileReference; fileEncoding = 4; lastKnownFileType = sourcecode.c.objc; name = PluginFactory.m; path = plugins/PluginFactory.m; sourceTree = "<group>"; };
		4EC750B61967084800785A49 /* KeychainAccessGroups.plist */ = {isa = PBXFileReference; fileEncoding = 4; lastKnownFileType = text.plist.xml; path = KeychainAccessGroups.plist; sourceTree = "<group>"; };
		4EC750B919670A2F00785A49 /* common.h */ = {isa = PBXFileReference; fileEncoding = 4; lastKnownFileType = sourcecode.c.h; name = common.h; path = lib/common.h; sourceTree = "<group>"; };
		4EC750BA19670A2F00785A49 /* KeychainItemWrapper.h */ = {isa = PBXFileReference; fileEncoding = 4; lastKnownFileType = sourcecode.c.h; name = KeychainItemWrapper.h; path = lib/KeychainItemWrapper.h; sourceTree = "<group>"; };
		4EC750BB19670A2F00785A49 /* KeychainItemWrapper.m */ = {isa = PBXFileReference; fileEncoding = 4; lastKnownFileType = sourcecode.c.objc; name = KeychainItemWrapper.m; path = lib/KeychainItemWrapper.m; sourceTree = "<group>"; };
		4EC83854198BC72B00CC08F5 /* NavigationController.h */ = {isa = PBXFileReference; fileEncoding = 4; lastKnownFileType = sourcecode.c.h; path = NavigationController.h; sourceTree = "<group>"; };
		4EC83855198BC72B00CC08F5 /* NavigationController.m */ = {isa = PBXFileReference; fileEncoding = 4; lastKnownFileType = sourcecode.c.objc; path = NavigationController.m; sourceTree = "<group>"; };
		4ECA382E1933EE560015C07C /* SecKeyWrapper.h */ = {isa = PBXFileReference; fileEncoding = 4; lastKnownFileType = sourcecode.c.h; name = SecKeyWrapper.h; path = lib/SecKeyWrapper.h; sourceTree = "<group>"; };
		4ECA382F1933EE560015C07C /* SecKeyWrapper.m */ = {isa = PBXFileReference; fileEncoding = 4; lastKnownFileType = sourcecode.c.objc; name = SecKeyWrapper.m; path = lib/SecKeyWrapper.m; sourceTree = "<group>"; };
		4ED8E70F197B7D6500C4D01C /* AddressBook.framework */ = {isa = PBXFileReference; lastKnownFileType = wrapper.framework; name = AddressBook.framework; path = System/Library/Frameworks/AddressBook.framework; sourceTree = SDKROOT; };
		4ED8E710197B7D6500C4D01C /* AddressBookUI.framework */ = {isa = PBXFileReference; lastKnownFileType = wrapper.framework; name = AddressBookUI.framework; path = System/Library/Frameworks/AddressBookUI.framework; sourceTree = SDKROOT; };
		4EDD98F8192DAAD700C6AB01 /* MPRISViewController.h */ = {isa = PBXFileReference; fileEncoding = 4; lastKnownFileType = sourcecode.c.h; name = MPRISViewController.h; path = plugins/MPRIS/MPRISViewController.h; sourceTree = "<group>"; };
		4EDD98F9192DAAD700C6AB01 /* MPRISViewController.m */ = {isa = PBXFileReference; fileEncoding = 4; lastKnownFileType = sourcecode.c.objc; name = MPRISViewController.m; path = plugins/MPRIS/MPRISViewController.m; sourceTree = "<group>"; };
		4EDD98FB192DAAF800C6AB01 /* MPRIS.h */ = {isa = PBXFileReference; fileEncoding = 4; lastKnownFileType = sourcecode.c.h; name = MPRIS.h; path = plugins/MPRIS/MPRIS.h; sourceTree = "<group>"; };
		4EDD98FC192DAAF800C6AB01 /* MPRIS.m */ = {isa = PBXFileReference; fileEncoding = 4; lastKnownFileType = sourcecode.c.objc; name = MPRIS.m; path = plugins/MPRIS/MPRIS.m; sourceTree = "<group>"; };
		4EEB006D19736D4D000A1F69 /* Reminder.h */ = {isa = PBXFileReference; fileEncoding = 4; lastKnownFileType = sourcecode.c.h; name = Reminder.h; path = plugins/Reminder/Reminder.h; sourceTree = "<group>"; };
		4EEB006E19736D4D000A1F69 /* Reminder.m */ = {isa = PBXFileReference; fileEncoding = 4; lastKnownFileType = sourcecode.c.objc; name = Reminder.m; path = plugins/Reminder/Reminder.m; sourceTree = "<group>"; };
		4EF576E7194784D80046213D /* AppSettingViewController.h */ = {isa = PBXFileReference; fileEncoding = 4; lastKnownFileType = sourcecode.c.h; path = AppSettingViewController.h; sourceTree = "<group>"; };
		4EF576E8194784D80046213D /* AppSettingViewController.m */ = {isa = PBXFileReference; fileEncoding = 4; lastKnownFileType = sourcecode.c.objc; path = AppSettingViewController.m; sourceTree = "<group>"; };
		5B2C3C0E2C4C4FB78D606404 /* Pods.xcconfig */ = {isa = PBXFileReference; includeInIndex = 1; lastKnownFileType = text.xcconfig; name = Pods.xcconfig; path = Pods/Pods.xcconfig; sourceTree = "<group>"; };
/* End PBXFileReference section */

/* Begin PBXFrameworksBuildPhase section */
		4E08A1E11913CF850056EEF8 /* Frameworks */ = {
			isa = PBXFrameworksBuildPhase;
			buildActionMask = 2147483647;
			files = (
				4ED8E711197B7D6500C4D01C /* AddressBook.framework in Frameworks */,
				4ED8E712197B7D6500C4D01C /* AddressBookUI.framework in Frameworks */,
				4E38A3B0196D2D36006AE419 /* EventKit.framework in Frameworks */,
				4E08A1EA1913CF850056EEF8 /* CoreGraphics.framework in Frameworks */,
				4E08A1EC1913CF850056EEF8 /* UIKit.framework in Frameworks */,
				4E08A1E81913CF850056EEF8 /* Foundation.framework in Frameworks */,
				CDF3929BB4CB40FCA1F80352 /* libPods.a in Frameworks */,
			);
			runOnlyForDeploymentPostprocessing = 0;
		};
		4E08A2051913CF850056EEF8 /* Frameworks */ = {
			isa = PBXFrameworksBuildPhase;
			buildActionMask = 2147483647;
			files = (
				4E08A20A1913CF850056EEF8 /* XCTest.framework in Frameworks */,
				4E08A20C1913CF850056EEF8 /* UIKit.framework in Frameworks */,
				4E08A20B1913CF850056EEF8 /* Foundation.framework in Frameworks */,
			);
			runOnlyForDeploymentPostprocessing = 0;
		};
/* End PBXFrameworksBuildPhase section */

/* Begin PBXGroup section */
		4E08A1DB1913CF850056EEF8 = {
			isa = PBXGroup;
			children = (
				4E6A6221199C569D009FCCD9 /* InAppSettings.bundle */,
				4EC27541191FCE910057AB0E /* plugins */,
				4E08A2211913D12B0056EEF8 /* backend */,
				4E08A21F1913D0CF0056EEF8 /* lib */,
				4E08A1ED1913CF850056EEF8 /* kdeconnect-ios */,
				4E08A20F1913CF850056EEF8 /* kdeconnect-iosTests */,
				4E08A1E61913CF850056EEF8 /* Frameworks */,
				4E08A1E51913CF850056EEF8 /* Products */,
				5B2C3C0E2C4C4FB78D606404 /* Pods.xcconfig */,
			);
			sourceTree = "<group>";
		};
		4E08A1E51913CF850056EEF8 /* Products */ = {
			isa = PBXGroup;
			children = (
				4E08A1E41913CF850056EEF8 /* kdeconnect-ios.app */,
				4E08A2081913CF850056EEF8 /* kdeconnect-iosTests.xctest */,
			);
			name = Products;
			sourceTree = "<group>";
		};
		4E08A1E61913CF850056EEF8 /* Frameworks */ = {
			isa = PBXGroup;
			children = (
				4ED8E70F197B7D6500C4D01C /* AddressBook.framework */,
				4ED8E710197B7D6500C4D01C /* AddressBookUI.framework */,
				4E38A3AF196D2D36006AE419 /* EventKit.framework */,
				4E08A1E71913CF850056EEF8 /* Foundation.framework */,
				4E08A1E91913CF850056EEF8 /* CoreGraphics.framework */,
				4E08A1EB1913CF850056EEF8 /* UIKit.framework */,
				4E08A2091913CF850056EEF8 /* XCTest.framework */,
				48E2F71AC6EE495B8966C774 /* libPods.a */,
			);
			name = Frameworks;
			sourceTree = "<group>";
		};
		4E08A1ED1913CF850056EEF8 /* kdeconnect-ios */ = {
			isa = PBXGroup;
			children = (
				4E08A1F61913CF850056EEF8 /* AppDelegate.h */,
				4E08A1F71913CF850056EEF8 /* AppDelegate.m */,
				4EF576E7194784D80046213D /* AppSettingViewController.h */,
				4EF576E8194784D80046213D /* AppSettingViewController.m */,
				4E85B96A1928F9D600EF3C55 /* DeviceViewController.h */,
				4E85B96B1928F9D600EF3C55 /* DeviceViewController.m */,
				4E08A1F91913CF850056EEF8 /* Main_iPhone.storyboard */,
				4E08A1FC1913CF850056EEF8 /* Main_iPad.storyboard */,
				4E08A1FF1913CF850056EEF8 /* ViewController.h */,
				4E08A2001913CF850056EEF8 /* ViewController.m */,
				4EC83854198BC72B00CC08F5 /* NavigationController.h */,
				4EC83855198BC72B00CC08F5 /* NavigationController.m */,
				4EA77E06199092D6002787B8 /* MyStyleKit.h */,
				4EA77E07199092E3002787B8 /* MyStyleKit.m */,
				4E3871A41992355800752925 /* SplitViewController.h */,
				4E3871A51992355800752925 /* SplitViewController.m */,
				4E08A2021913CF850056EEF8 /* Images.xcassets */,
				4E44F5EA19920042002B1AAF /* Localizable.strings */,
				4E08A1EE1913CF850056EEF8 /* Supporting Files */,
			);
			path = "kdeconnect-ios";
			sourceTree = "<group>";
		};
		4E08A1EE1913CF850056EEF8 /* Supporting Files */ = {
			isa = PBXGroup;
			children = (
				4E7CB6601985F7EA00DEB3B3 /* Pods-acknowledgements.plist */,
				4E08A1EF1913CF850056EEF8 /* kdeconnect-ios-Info.plist */,
				4EC750B61967084800785A49 /* KeychainAccessGroups.plist */,
				4E08A1F01913CF850056EEF8 /* InfoPlist.strings */,
				4E08A1F31913CF850056EEF8 /* main.m */,
				4E08A1F51913CF850056EEF8 /* kdeconnect-ios-Prefix.pch */,
			);
			name = "Supporting Files";
			sourceTree = "<group>";
		};
		4E08A20F1913CF850056EEF8 /* kdeconnect-iosTests */ = {
			isa = PBXGroup;
			children = (
				4E08A2151913CF860056EEF8 /* kdeconnect_iosTests.m */,
				4E08A2101913CF860056EEF8 /* Supporting Files */,
			);
			path = "kdeconnect-iosTests";
			sourceTree = "<group>";
		};
		4E08A2101913CF860056EEF8 /* Supporting Files */ = {
			isa = PBXGroup;
			children = (
				4E08A2111913CF860056EEF8 /* kdeconnect-iosTests-Info.plist */,
				4E08A2121913CF860056EEF8 /* InfoPlist.strings */,
			);
			name = "Supporting Files";
			sourceTree = "<group>";
		};
		4E08A21F1913D0CF0056EEF8 /* lib */ = {
			isa = PBXGroup;
			children = (
				4EC750B919670A2F00785A49 /* common.h */,
				4EC750BA19670A2F00785A49 /* KeychainItemWrapper.h */,
				4EC750BB19670A2F00785A49 /* KeychainItemWrapper.m */,
				4E95A18F1949954600647948 /* SettingsStore.h */,
				4E95A1901949954600647948 /* SettingsStore.m */,
				4ECA382E1933EE560015C07C /* SecKeyWrapper.h */,
				4ECA382F1933EE560015C07C /* SecKeyWrapper.m */,
				4E08A22F1913D1780056EEF8 /* BackgroundService.h */,
				4E08A2301913D1780056EEF8 /* BackgroundService.m */,
				4E08A2311913D1780056EEF8 /* Device.h */,
				4E08A2321913D1780056EEF8 /* Device.m */,
				4E08A2331913D1780056EEF8 /* NetworkPackage.h */,
				4E08A2341913D1780056EEF8 /* NetworkPackage.m */,
			);
			name = lib;
			sourceTree = "<group>";
		};
		4E08A2201913D0D50056EEF8 /* lanBackend */ = {
			isa = PBXGroup;
			children = (
				4E08A2291913D1650056EEF8 /* LanLink.h */,
				4E08A22A1913D1650056EEF8 /* LanLink.m */,
				4E08A22B1913D1650056EEF8 /* LanLinkProvider.h */,
				4E08A22C1913D1650056EEF8 /* LanLinkProvider.m */,
			);
			name = lanBackend;
			sourceTree = "<group>";
		};
		4E08A2211913D12B0056EEF8 /* backend */ = {
			isa = PBXGroup;
			children = (
				4E08A2231913D1550056EEF8 /* BaseLink.h */,
				4E08A2241913D1550056EEF8 /* BaseLink.m */,
				4E08A2251913D1550056EEF8 /* BaseLinkProvider.h */,
				4E08A2261913D1550056EEF8 /* BaseLinkProvider.m */,
				4E08A2201913D0D50056EEF8 /* lanBackend */,
			);
			name = backend;
			sourceTree = "<group>";
		};
		4E0B0CED19772E0B00F1412B /* Contact */ = {
			isa = PBXGroup;
			children = (
				4E0B0CEE19772E2300F1412B /* Contact.h */,
				4E0B0CEF19772E2300F1412B /* Contact.m */,
			);
			name = Contact;
			sourceTree = "<group>";
		};
		4E1A82A019657D0800174217 /* MousePad */ = {
			isa = PBXGroup;
			children = (
				4E1A82A419657FF400174217 /* MousePadViewController.h */,
				4E1A82A519657FF400174217 /* MousePadViewController.m */,
				4E49BCA71966661800E8AEB7 /* custumRecognizers.h */,
				4E49BCA81966661800E8AEB7 /* custumRecognizers.m */,
				4E1A82A119657DD700174217 /* MousePad.h */,
				4E1A82A219657DD700174217 /* MousePad.m */,
			);
			name = MousePad;
			sourceTree = "<group>";
		};
		4E3038F91940886800F28091 /* ClipBoard */ = {
			isa = PBXGroup;
			children = (
				4E3038FA1940889900F28091 /* ClipBoard.h */,
				4E3038FB1940889900F28091 /* ClipBoard.m */,
			);
			name = ClipBoard;
			sourceTree = "<group>";
		};
		4E38A3A7196CEA90006AE419 /* Calendar */ = {
			isa = PBXGroup;
			children = (
				4E38A3A9196CEB44006AE419 /* Calendar.h */,
				4E38A3AA196CEB44006AE419 /* Calendar.m */,
			);
			name = Calendar;
			sourceTree = "<group>";
		};
		4E47115C19693B5A00EE5B1D /* Battery */ = {
			isa = PBXGroup;
			children = (
				4E47115D19693B7F00EE5B1D /* Battery.h */,
				4E47115E19693B7F00EE5B1D /* Battery.m */,
			);
			name = Battery;
			sourceTree = "<group>";
		};
		4E51BBEA193F6E96007E74F4 /* SHARE */ = {
			isa = PBXGroup;
			children = (
				4E51BBEB193FADA7007E74F4 /* Share.h */,
				4E51BBEC193FADA7007E74F4 /* Share.m */,
			);
			name = SHARE;
			sourceTree = "<group>";
		};
		4EC27541191FCE910057AB0E /* plugins */ = {
			isa = PBXGroup;
			children = (
				4E0B0CED19772E0B00F1412B /* Contact */,
				4EEB006C19736D2F000A1F69 /* Reminder */,
				4E38A3A7196CEA90006AE419 /* Calendar */,
				4E47115C19693B5A00EE5B1D /* Battery */,
				4E1A82A019657D0800174217 /* MousePad */,
				4E3038F91940886800F28091 /* ClipBoard */,
				4E51BBEA193F6E96007E74F4 /* SHARE */,
				4EDD98F7192DA9F000C6AB01 /* MPRIS */,
				4EC27542191FCE980057AB0E /* Ping */,
				4EC27543191FCEAB0057AB0E /* Plugin.h */,
				4EC27544191FCEAB0057AB0E /* Plugin.m */,
				4EC27549191FD5490057AB0E /* PluginFactory.h */,
				4EC2754A191FD5490057AB0E /* PluginFactory.m */,
			);
			name = plugins;
			sourceTree = "<group>";
		};
		4EC27542191FCE980057AB0E /* Ping */ = {
			isa = PBXGroup;
			children = (
				4EC27546191FCECD0057AB0E /* Ping.h */,
				4EC27547191FCECD0057AB0E /* Ping.m */,
			);
			name = Ping;
			sourceTree = "<group>";
		};
		4EDD98F7192DA9F000C6AB01 /* MPRIS */ = {
			isa = PBXGroup;
			children = (
				4EDD98F8192DAAD700C6AB01 /* MPRISViewController.h */,
				4EDD98F9192DAAD700C6AB01 /* MPRISViewController.m */,
				4EDD98FB192DAAF800C6AB01 /* MPRIS.h */,
				4EDD98FC192DAAF800C6AB01 /* MPRIS.m */,
				4EA77E09199095BC002787B8 /* Buttons.h */,
				4EA77E0A199095BC002787B8 /* Buttons.m */,
			);
			name = MPRIS;
			sourceTree = "<group>";
		};
		4EEB006C19736D2F000A1F69 /* Reminder */ = {
			isa = PBXGroup;
			children = (
				4EEB006D19736D4D000A1F69 /* Reminder.h */,
				4EEB006E19736D4D000A1F69 /* Reminder.m */,
				4EBC812819863B8B008FF5A1 /* XbICComponent+VTodo.h */,
				4EBC812919863B8B008FF5A1 /* XbICComponent+VTodo.m */,
			);
			name = Reminder;
			sourceTree = "<group>";
		};
/* End PBXGroup section */

/* Begin PBXNativeTarget section */
		4E08A1E31913CF850056EEF8 /* kdeconnect-ios */ = {
			isa = PBXNativeTarget;
			buildConfigurationList = 4E08A2191913CF860056EEF8 /* Build configuration list for PBXNativeTarget "kdeconnect-ios" */;
			buildPhases = (
				EEDD2FD4682A43D4B6B66480 /* Check Pods Manifest.lock */,
				4E08A1E01913CF850056EEF8 /* Sources */,
				4E08A1E11913CF850056EEF8 /* Frameworks */,
				4E08A1E21913CF850056EEF8 /* Resources */,
				D48E30206BE04BD8A5566DC8 /* Copy Pods Resources */,
				4E44F5EC199204C5002B1AAF /* CopyFiles */,
			);
			buildRules = (
			);
			dependencies = (
			);
			name = "kdeconnect-ios";
			productName = "kdeconnect-ios";
			productReference = 4E08A1E41913CF850056EEF8 /* kdeconnect-ios.app */;
			productType = "com.apple.product-type.application";
		};
		4E08A2071913CF850056EEF8 /* kdeconnect-iosTests */ = {
			isa = PBXNativeTarget;
			buildConfigurationList = 4E08A21C1913CF860056EEF8 /* Build configuration list for PBXNativeTarget "kdeconnect-iosTests" */;
			buildPhases = (
				4E08A2041913CF850056EEF8 /* Sources */,
				4E08A2051913CF850056EEF8 /* Frameworks */,
				4E08A2061913CF850056EEF8 /* Resources */,
			);
			buildRules = (
			);
			dependencies = (
				4E08A20E1913CF850056EEF8 /* PBXTargetDependency */,
			);
			name = "kdeconnect-iosTests";
			productName = "kdeconnect-iosTests";
			productReference = 4E08A2081913CF850056EEF8 /* kdeconnect-iosTests.xctest */;
			productType = "com.apple.product-type.bundle.unit-test";
		};
/* End PBXNativeTarget section */

/* Begin PBXProject section */
		4E08A1DC1913CF850056EEF8 /* Project object */ = {
			isa = PBXProject;
			attributes = {
				LastUpgradeCheck = 0510;
				ORGANIZATIONNAME = yangqiao;
				TargetAttributes = {
					4E08A1E31913CF850056EEF8 = {
						DevelopmentTeam = 34RXKJTKWE;
						SystemCapabilities = {
							com.apple.BackgroundModes = {
								enabled = 0;
							};
							com.apple.iCloud = {
								enabled = 0;
							};
						};
					};
					4E08A2071913CF850056EEF8 = {
						TestTargetID = 4E08A1E31913CF850056EEF8;
					};
				};
			};
			buildConfigurationList = 4E08A1DF1913CF850056EEF8 /* Build configuration list for PBXProject "kdeconnect-ios" */;
			compatibilityVersion = "Xcode 3.2";
			developmentRegion = English;
			hasScannedForEncodings = 0;
			knownRegions = (
				en,
				Base,
				fr,
				"zh-Hans",
			);
			mainGroup = 4E08A1DB1913CF850056EEF8;
			productRefGroup = 4E08A1E51913CF850056EEF8 /* Products */;
			projectDirPath = "";
			projectRoot = "";
			targets = (
				4E08A1E31913CF850056EEF8 /* kdeconnect-ios */,
				4E08A2071913CF850056EEF8 /* kdeconnect-iosTests */,
			);
		};
/* End PBXProject section */

/* Begin PBXResourcesBuildPhase section */
		4E08A1E21913CF850056EEF8 /* Resources */ = {
			isa = PBXResourcesBuildPhase;
			buildActionMask = 2147483647;
			files = (
				4E6A6222199C569D009FCCD9 /* InAppSettings.bundle in Resources */,
				4EC750B71967084800785A49 /* KeychainAccessGroups.plist in Resources */,
				4E7CB6611985F7EA00DEB3B3 /* Pods-acknowledgements.plist in Resources */,
				4E08A1FE1913CF850056EEF8 /* Main_iPad.storyboard in Resources */,
				4E08A2031913CF850056EEF8 /* Images.xcassets in Resources */,
				4E44F5E819920042002B1AAF /* Localizable.strings in Resources */,
				4E08A1FB1913CF850056EEF8 /* Main_iPhone.storyboard in Resources */,
				4E08A1F21913CF850056EEF8 /* InfoPlist.strings in Resources */,
			);
			runOnlyForDeploymentPostprocessing = 0;
		};
		4E08A2061913CF850056EEF8 /* Resources */ = {
			isa = PBXResourcesBuildPhase;
			buildActionMask = 2147483647;
			files = (
				4E08A2141913CF860056EEF8 /* InfoPlist.strings in Resources */,
			);
			runOnlyForDeploymentPostprocessing = 0;
		};
/* End PBXResourcesBuildPhase section */

/* Begin PBXShellScriptBuildPhase section */
		D48E30206BE04BD8A5566DC8 /* Copy Pods Resources */ = {
			isa = PBXShellScriptBuildPhase;
			buildActionMask = 2147483647;
			files = (
			);
			inputPaths = (
			);
			name = "Copy Pods Resources";
			outputPaths = (
			);
			runOnlyForDeploymentPostprocessing = 0;
			shellPath = /bin/sh;
			shellScript = "\"${SRCROOT}/Pods/Pods-resources.sh\"\n";
			showEnvVarsInLog = 0;
		};
		EEDD2FD4682A43D4B6B66480 /* Check Pods Manifest.lock */ = {
			isa = PBXShellScriptBuildPhase;
			buildActionMask = 2147483647;
			files = (
			);
			inputPaths = (
			);
			name = "Check Pods Manifest.lock";
			outputPaths = (
			);
			runOnlyForDeploymentPostprocessing = 0;
			shellPath = /bin/sh;
			shellScript = "diff \"${PODS_ROOT}/../Podfile.lock\" \"${PODS_ROOT}/Manifest.lock\" > /dev/null\nif [[ $? != 0 ]] ; then\n    cat << EOM\nerror: The sandbox is not in sync with the Podfile.lock. Run 'pod install' or update your CocoaPods installation.\nEOM\n    exit 1\nfi\n";
			showEnvVarsInLog = 0;
		};
/* End PBXShellScriptBuildPhase section */

/* Begin PBXSourcesBuildPhase section */
		4E08A1E01913CF850056EEF8 /* Sources */ = {
			isa = PBXSourcesBuildPhase;
			buildActionMask = 2147483647;
			files = (
				4E3038FC1940889900F28091 /* ClipBoard.m in Sources */,
				4EC83856198BC72B00CC08F5 /* NavigationController.m in Sources */,
				4E08A2011913CF850056EEF8 /* ViewController.m in Sources */,
				4ECA38301933EE560015C07C /* SecKeyWrapper.m in Sources */,
				4EC750BC19670A2F00785A49 /* KeychainItemWrapper.m in Sources */,
				4E08A1F81913CF850056EEF8 /* AppDelegate.m in Sources */,
				4EA77E08199092E3002787B8 /* MyStyleKit.m in Sources */,
				4EC2754B191FD5490057AB0E /* PluginFactory.m in Sources */,
				4E08A2271913D1550056EEF8 /* BaseLink.m in Sources */,
				4E3871A61992355800752925 /* SplitViewController.m in Sources */,
				4EC27548191FCECD0057AB0E /* Ping.m in Sources */,
				4E1A82A619657FF400174217 /* MousePadViewController.m in Sources */,
				4E38A3AB196CEB44006AE419 /* Calendar.m in Sources */,
				4E08A2371913D1780056EEF8 /* NetworkPackage.m in Sources */,
				4E08A2361913D1780056EEF8 /* Device.m in Sources */,
				4EBC812A19863B8B008FF5A1 /* XbICComponent+VTodo.m in Sources */,
				4E47115F19693B7F00EE5B1D /* Battery.m in Sources */,
				4E0B0CF019772E2300F1412B /* Contact.m in Sources */,
				4E08A22D1913D1650056EEF8 /* LanLink.m in Sources */,
				4E51BBED193FADA7007E74F4 /* Share.m in Sources */,
				4EEB006F19736D4D000A1F69 /* Reminder.m in Sources */,
				4E08A2281913D1550056EEF8 /* BaseLinkProvider.m in Sources */,
				4E95A1911949954600647948 /* SettingsStore.m in Sources */,
				4E1A82A319657DD700174217 /* MousePad.m in Sources */,
				4EF576E9194784D80046213D /* AppSettingViewController.m in Sources */,
				4E08A22E1913D1650056EEF8 /* LanLinkProvider.m in Sources */,
				4E08A1F41913CF850056EEF8 /* main.m in Sources */,
				4E49BCA91966661800E8AEB7 /* custumRecognizers.m in Sources */,
				4EA77E0B199095BC002787B8 /* Buttons.m in Sources */,
				4EC27545191FCEAB0057AB0E /* Plugin.m in Sources */,
				4E85B96C1928F9D600EF3C55 /* DeviceViewController.m in Sources */,
				4EDD98FD192DAAF800C6AB01 /* MPRIS.m in Sources */,
				4E08A2351913D1780056EEF8 /* BackgroundService.m in Sources */,
				4EDD98FA192DAAD700C6AB01 /* MPRISViewController.m in Sources */,
			);
			runOnlyForDeploymentPostprocessing = 0;
		};
		4E08A2041913CF850056EEF8 /* Sources */ = {
			isa = PBXSourcesBuildPhase;
			buildActionMask = 2147483647;
			files = (
				4E08A2161913CF860056EEF8 /* kdeconnect_iosTests.m in Sources */,
			);
			runOnlyForDeploymentPostprocessing = 0;
		};
/* End PBXSourcesBuildPhase section */

/* Begin PBXTargetDependency section */
		4E08A20E1913CF850056EEF8 /* PBXTargetDependency */ = {
			isa = PBXTargetDependency;
			target = 4E08A1E31913CF850056EEF8 /* kdeconnect-ios */;
			targetProxy = 4E08A20D1913CF850056EEF8 /* PBXContainerItemProxy */;
		};
/* End PBXTargetDependency section */

/* Begin PBXVariantGroup section */
		4E08A1F01913CF850056EEF8 /* InfoPlist.strings */ = {
			isa = PBXVariantGroup;
			children = (
				4E08A1F11913CF850056EEF8 /* en */,
				4E44F5F019920A68002B1AAF /* fr */,
				4E44F5F319920A79002B1AAF /* zh-Hans */,
			);
			name = InfoPlist.strings;
			sourceTree = "<group>";
		};
		4E08A1F91913CF850056EEF8 /* Main_iPhone.storyboard */ = {
			isa = PBXVariantGroup;
			children = (
				4E08A1FA1913CF850056EEF8 /* Base */,
			);
			name = Main_iPhone.storyboard;
			sourceTree = "<group>";
		};
		4E08A1FC1913CF850056EEF8 /* Main_iPad.storyboard */ = {
			isa = PBXVariantGroup;
			children = (
				4E08A1FD1913CF850056EEF8 /* Base */,
			);
			name = Main_iPad.storyboard;
			sourceTree = "<group>";
		};
		4E08A2121913CF860056EEF8 /* InfoPlist.strings */ = {
			isa = PBXVariantGroup;
			children = (
				4E08A2131913CF860056EEF8 /* en */,
				4E44F5F119920A68002B1AAF /* fr */,
				4E44F5F419920A79002B1AAF /* zh-Hans */,
			);
			name = InfoPlist.strings;
			sourceTree = "<group>";
		};
		4E44F5EA19920042002B1AAF /* Localizable.strings */ = {
			isa = PBXVariantGroup;
			children = (
				4E44F5E919920042002B1AAF /* en */,
				4E44F5F219920A79002B1AAF /* zh-Hans */,
				4E44F5F519921586002B1AAF /* Base */,
				4E3871A719923FB000752925 /* fr */,
			);
			name = Localizable.strings;
			sourceTree = "<group>";
		};
/* End PBXVariantGroup section */

/* Begin XCBuildConfiguration section */
		4E08A2171913CF860056EEF8 /* Debug */ = {
			isa = XCBuildConfiguration;
			buildSettings = {
				ALWAYS_SEARCH_USER_PATHS = NO;
				CLANG_CXX_LANGUAGE_STANDARD = "gnu++0x";
				CLANG_CXX_LIBRARY = "libc++";
				CLANG_ENABLE_MODULES = YES;
				CLANG_ENABLE_OBJC_ARC = YES;
				CLANG_WARN_BOOL_CONVERSION = YES;
				CLANG_WARN_CONSTANT_CONVERSION = YES;
				CLANG_WARN_DIRECT_OBJC_ISA_USAGE = YES_ERROR;
				CLANG_WARN_EMPTY_BODY = YES;
				CLANG_WARN_ENUM_CONVERSION = YES;
				CLANG_WARN_INT_CONVERSION = YES;
				CLANG_WARN_OBJC_ROOT_CLASS = YES_ERROR;
				CLANG_WARN__DUPLICATE_METHOD_MATCH = YES;
				"CODE_SIGN_IDENTITY[sdk=iphoneos*]" = "iPhone Developer";
				COPY_PHASE_STRIP = NO;
				GCC_C_LANGUAGE_STANDARD = gnu99;
				GCC_DYNAMIC_NO_PIC = NO;
				GCC_OPTIMIZATION_LEVEL = 0;
				GCC_PREPROCESSOR_DEFINITIONS = (
					"DEBUG=1",
					"$(inherited)",
				);
				GCC_SYMBOLS_PRIVATE_EXTERN = NO;
				GCC_WARN_64_TO_32_BIT_CONVERSION = YES;
				GCC_WARN_ABOUT_RETURN_TYPE = YES_ERROR;
				GCC_WARN_UNDECLARED_SELECTOR = YES;
				GCC_WARN_UNINITIALIZED_AUTOS = YES_AGGRESSIVE;
				GCC_WARN_UNUSED_FUNCTION = YES;
				GCC_WARN_UNUSED_VARIABLE = YES;
				IPHONEOS_DEPLOYMENT_TARGET = 7.1;
				ONLY_ACTIVE_ARCH = YES;
				SDKROOT = iphoneos;
				TARGETED_DEVICE_FAMILY = "1,2";
			};
			name = Debug;
		};
		4E08A2181913CF860056EEF8 /* Release */ = {
			isa = XCBuildConfiguration;
			buildSettings = {
				ALWAYS_SEARCH_USER_PATHS = NO;
				CLANG_CXX_LANGUAGE_STANDARD = "gnu++0x";
				CLANG_CXX_LIBRARY = "libc++";
				CLANG_ENABLE_MODULES = YES;
				CLANG_ENABLE_OBJC_ARC = YES;
				CLANG_WARN_BOOL_CONVERSION = YES;
				CLANG_WARN_CONSTANT_CONVERSION = YES;
				CLANG_WARN_DIRECT_OBJC_ISA_USAGE = YES_ERROR;
				CLANG_WARN_EMPTY_BODY = YES;
				CLANG_WARN_ENUM_CONVERSION = YES;
				CLANG_WARN_INT_CONVERSION = YES;
				CLANG_WARN_OBJC_ROOT_CLASS = YES_ERROR;
				CLANG_WARN__DUPLICATE_METHOD_MATCH = YES;
				"CODE_SIGN_IDENTITY[sdk=iphoneos*]" = "iPhone Developer";
				COPY_PHASE_STRIP = YES;
				ENABLE_NS_ASSERTIONS = NO;
				GCC_C_LANGUAGE_STANDARD = gnu99;
				GCC_WARN_64_TO_32_BIT_CONVERSION = YES;
				GCC_WARN_ABOUT_RETURN_TYPE = YES_ERROR;
				GCC_WARN_UNDECLARED_SELECTOR = YES;
				GCC_WARN_UNINITIALIZED_AUTOS = YES_AGGRESSIVE;
				GCC_WARN_UNUSED_FUNCTION = YES;
				GCC_WARN_UNUSED_VARIABLE = YES;
				IPHONEOS_DEPLOYMENT_TARGET = 7.1;
				SDKROOT = iphoneos;
				TARGETED_DEVICE_FAMILY = "1,2";
				VALIDATE_PRODUCT = YES;
			};
			name = Release;
		};
		4E08A21A1913CF860056EEF8 /* Debug */ = {
			isa = XCBuildConfiguration;
			baseConfigurationReference = 5B2C3C0E2C4C4FB78D606404 /* Pods.xcconfig */;
			buildSettings = {
				ASSETCATALOG_COMPILER_APPICON_NAME = AppIcon;
				ASSETCATALOG_COMPILER_LAUNCHIMAGE_NAME = LaunchImage;
				CODE_SIGN_IDENTITY = "iPhone Developer";
				"CODE_SIGN_IDENTITY[sdk=iphoneos*]" = "iPhone Developer";
				GCC_PRECOMPILE_PREFIX_HEADER = YES;
				GCC_PREFIX_HEADER = "kdeconnect-ios/kdeconnect-ios-Prefix.pch";
				INFOPLIST_FILE = "kdeconnect-ios/kdeconnect-ios-Info.plist";
				PRODUCT_NAME = "$(TARGET_NAME)";
				PROVISIONING_PROFILE = "";
				TARGETED_DEVICE_FAMILY = "1,2";
				WRAPPER_EXTENSION = app;
			};
			name = Debug;
		};
		4E08A21B1913CF860056EEF8 /* Release */ = {
			isa = XCBuildConfiguration;
			baseConfigurationReference = 5B2C3C0E2C4C4FB78D606404 /* Pods.xcconfig */;
			buildSettings = {
				ASSETCATALOG_COMPILER_APPICON_NAME = AppIcon;
				ASSETCATALOG_COMPILER_LAUNCHIMAGE_NAME = LaunchImage;
				CODE_SIGN_IDENTITY = "iPhone Developer";
				"CODE_SIGN_IDENTITY[sdk=iphoneos*]" = "iPhone Developer";
				GCC_PRECOMPILE_PREFIX_HEADER = YES;
				GCC_PREFIX_HEADER = "kdeconnect-ios/kdeconnect-ios-Prefix.pch";
				INFOPLIST_FILE = "kdeconnect-ios/kdeconnect-ios-Info.plist";
				PRODUCT_NAME = "$(TARGET_NAME)";
				PROVISIONING_PROFILE = "";
				TARGETED_DEVICE_FAMILY = "1,2";
				WRAPPER_EXTENSION = app;
			};
			name = Release;
		};
		4E08A21D1913CF860056EEF8 /* Debug */ = {
			isa = XCBuildConfiguration;
			buildSettings = {
				BUNDLE_LOADER = "$(BUILT_PRODUCTS_DIR)/kdeconnect-ios.app/kdeconnect-ios";
				FRAMEWORK_SEARCH_PATHS = (
					"$(SDKROOT)/Developer/Library/Frameworks",
					"$(inherited)",
					"$(DEVELOPER_FRAMEWORKS_DIR)",
				);
				GCC_PRECOMPILE_PREFIX_HEADER = YES;
				GCC_PREFIX_HEADER = "kdeconnect-ios/kdeconnect-ios-Prefix.pch";
				GCC_PREPROCESSOR_DEFINITIONS = (
					"DEBUG=1",
					"$(inherited)",
				);
				INFOPLIST_FILE = "kdeconnect-iosTests/kdeconnect-iosTests-Info.plist";
				PRODUCT_NAME = "$(TARGET_NAME)";
				TEST_HOST = "$(BUNDLE_LOADER)";
				WRAPPER_EXTENSION = xctest;
			};
			name = Debug;
		};
		4E08A21E1913CF860056EEF8 /* Release */ = {
			isa = XCBuildConfiguration;
			buildSettings = {
				BUNDLE_LOADER = "$(BUILT_PRODUCTS_DIR)/kdeconnect-ios.app/kdeconnect-ios";
				FRAMEWORK_SEARCH_PATHS = (
					"$(SDKROOT)/Developer/Library/Frameworks",
					"$(inherited)",
					"$(DEVELOPER_FRAMEWORKS_DIR)",
				);
				GCC_PRECOMPILE_PREFIX_HEADER = YES;
				GCC_PREFIX_HEADER = "kdeconnect-ios/kdeconnect-ios-Prefix.pch";
				INFOPLIST_FILE = "kdeconnect-iosTests/kdeconnect-iosTests-Info.plist";
				PRODUCT_NAME = "$(TARGET_NAME)";
				TEST_HOST = "$(BUNDLE_LOADER)";
				WRAPPER_EXTENSION = xctest;
			};
			name = Release;
		};
/* End XCBuildConfiguration section */

/* Begin XCConfigurationList section */
		4E08A1DF1913CF850056EEF8 /* Build configuration list for PBXProject "kdeconnect-ios" */ = {
			isa = XCConfigurationList;
			buildConfigurations = (
				4E08A2171913CF860056EEF8 /* Debug */,
				4E08A2181913CF860056EEF8 /* Release */,
			);
			defaultConfigurationIsVisible = 0;
			defaultConfigurationName = Release;
		};
		4E08A2191913CF860056EEF8 /* Build configuration list for PBXNativeTarget "kdeconnect-ios" */ = {
			isa = XCConfigurationList;
			buildConfigurations = (
				4E08A21A1913CF860056EEF8 /* Debug */,
				4E08A21B1913CF860056EEF8 /* Release */,
			);
			defaultConfigurationIsVisible = 0;
			defaultConfigurationName = Release;
		};
		4E08A21C1913CF860056EEF8 /* Build configuration list for PBXNativeTarget "kdeconnect-iosTests" */ = {
			isa = XCConfigurationList;
			buildConfigurations = (
				4E08A21D1913CF860056EEF8 /* Debug */,
				4E08A21E1913CF860056EEF8 /* Release */,
			);
			defaultConfigurationIsVisible = 0;
			defaultConfigurationName = Release;
		};
/* End XCConfigurationList section */
	};
	rootObject = 4E08A1DC1913CF850056EEF8 /* Project object */;
}
